
Microsoft Visual Studio Solution File, Format Version 12.00
Project("{FAE04EC0-301F-11D3-BF4B-00C04F79EFBC}") = "StadiumEngine.WebUI", "StadiumEngine.WebUI\StadiumEngine.WebUI.csproj", "{9F5CC079-4957-4D3F-91F5-5419C13D5EE9}"
EndProject
Project("{2150E333-8FDC-42A3-9474-1A3956D46DE8}") = "DAL", "DAL", "{5F72A127-EEBA-45C1-A97C-9B7F3C5A3945}"
EndProject
Project("{2150E333-8FDC-42A3-9474-1A3956D46DE8}") = "Models", "Models", "{2E204052-5F0F-431E-A767-1C6E7B18AD52}"
EndProject
Project("{FAE04EC0-301F-11D3-BF4B-00C04F79EFBC}") = "StadiumEngine.Domain", "StadiumEngine.Domain\StadiumEngine.Domain.csproj", "{5584AC2C-2707-40A9-AD43-15CC2781003F}"
EndProject
Project("{FAE04EC0-301F-11D3-BF4B-00C04F79EFBC}") = "StadiumEngine.DTO", "StadiumEngine.DTO\StadiumEngine.DTO.csproj", "{FE4BE2B7-5FB0-4A7A-844D-0A4BB0ABC9A7}"
EndProject
Project("{FAE04EC0-301F-11D3-BF4B-00C04F79EFBC}") = "StadiumEngine.Repositories", "StadiumEngine.Repositories\StadiumEngine.Repositories.csproj", "{4F962967-1B82-410D-A152-4D4549BDBD84}"
EndProject
Project("{FAE04EC0-301F-11D3-BF4B-00C04F79EFBC}") = "StadiumEngine.Common", "StadiumEngine.Common\StadiumEngine.Common.csproj", "{C1C2389A-017E-454C-8E95-2A759521EE00}"
EndProject
Project("{2150E333-8FDC-42A3-9474-1A3956D46DE8}") = "Services", "Services", "{16A53E1F-9A7B-4B58-98F8-268B0A3B812F}"
EndProject
Project("{FAE04EC0-301F-11D3-BF4B-00C04F79EFBC}") = "StadiumEngine.Handlers", "StadiumEngine.Handlers\StadiumEngine.Handlers.csproj", "{F1723DFF-2A1C-4612-8AD1-7D4B019153FC}"
EndProject
Project("{FAE04EC0-301F-11D3-BF4B-00C04F79EFBC}") = "StadiumEngine.Services", "StadiumEngine.Services\StadiumEngine.Services.csproj", "{8A3DDE25-8C53-4D8D-86C9-27D3FFC8DB14}"
EndProject
Project("{FAE04EC0-301F-11D3-BF4B-00C04F79EFBC}") = "StadiumEngine.Domain.Repositories", "StadiumEngine.Domain.Repositories\StadiumEngine.Domain.Repositories.csproj", "{FE6C2EFB-9926-42BE-B317-D07B0C062C9C}"
EndProject
Project("{FAE04EC0-301F-11D3-BF4B-00C04F79EFBC}") = "StadiumEngine.Domain.Services", "StadiumEngine.Domain.Services\StadiumEngine.Domain.Services.csproj", "{BA604A8E-BB01-47C6-AFE0-930F06A1A3AE}"
EndProject
Global
	GlobalSection(SolutionConfigurationPlatforms) = preSolution
		Debug|Any CPU = Debug|Any CPU
		Release|Any CPU = Release|Any CPU
	EndGlobalSection
	GlobalSection(ProjectConfigurationPlatforms) = postSolution
		{9F5CC079-4957-4D3F-91F5-5419C13D5EE9}.Debug|Any CPU.ActiveCfg = Debug|Any CPU
		{9F5CC079-4957-4D3F-91F5-5419C13D5EE9}.Debug|Any CPU.Build.0 = Debug|Any CPU
		{9F5CC079-4957-4D3F-91F5-5419C13D5EE9}.Release|Any CPU.ActiveCfg = Release|Any CPU
		{9F5CC079-4957-4D3F-91F5-5419C13D5EE9}.Release|Any CPU.Build.0 = Release|Any CPU
		{5584AC2C-2707-40A9-AD43-15CC2781003F}.Debug|Any CPU.ActiveCfg = Debug|Any CPU
		{5584AC2C-2707-40A9-AD43-15CC2781003F}.Debug|Any CPU.Build.0 = Debug|Any CPU
		{5584AC2C-2707-40A9-AD43-15CC2781003F}.Release|Any CPU.ActiveCfg = Release|Any CPU
		{5584AC2C-2707-40A9-AD43-15CC2781003F}.Release|Any CPU.Build.0 = Release|Any CPU
		{FE4BE2B7-5FB0-4A7A-844D-0A4BB0ABC9A7}.Debug|Any CPU.ActiveCfg = Debug|Any CPU
		{FE4BE2B7-5FB0-4A7A-844D-0A4BB0ABC9A7}.Debug|Any CPU.Build.0 = Debug|Any CPU
		{FE4BE2B7-5FB0-4A7A-844D-0A4BB0ABC9A7}.Release|Any CPU.ActiveCfg = Release|Any CPU
		{FE4BE2B7-5FB0-4A7A-844D-0A4BB0ABC9A7}.Release|Any CPU.Build.0 = Release|Any CPU
		{4F962967-1B82-410D-A152-4D4549BDBD84}.Debug|Any CPU.ActiveCfg = Debug|Any CPU
		{4F962967-1B82-410D-A152-4D4549BDBD84}.Debug|Any CPU.Build.0 = Debug|Any CPU
		{4F962967-1B82-410D-A152-4D4549BDBD84}.Release|Any CPU.ActiveCfg = Release|Any CPU
		{4F962967-1B82-410D-A152-4D4549BDBD84}.Release|Any CPU.Build.0 = Release|Any CPU
		{C1C2389A-017E-454C-8E95-2A759521EE00}.Debug|Any CPU.ActiveCfg = Debug|Any CPU
		{C1C2389A-017E-454C-8E95-2A759521EE00}.Debug|Any CPU.Build.0 = Debug|Any CPU
		{C1C2389A-017E-454C-8E95-2A759521EE00}.Release|Any CPU.ActiveCfg = Release|Any CPU
		{C1C2389A-017E-454C-8E95-2A759521EE00}.Release|Any CPU.Build.0 = Release|Any CPU
		{F1723DFF-2A1C-4612-8AD1-7D4B019153FC}.Debug|Any CPU.ActiveCfg = Debug|Any CPU
		{F1723DFF-2A1C-4612-8AD1-7D4B019153FC}.Debug|Any CPU.Build.0 = Debug|Any CPU
		{F1723DFF-2A1C-4612-8AD1-7D4B019153FC}.Release|Any CPU.ActiveCfg = Release|Any CPU
		{F1723DFF-2A1C-4612-8AD1-7D4B019153FC}.Release|Any CPU.Build.0 = Release|Any CPU
		{8A3DDE25-8C53-4D8D-86C9-27D3FFC8DB14}.Debug|Any CPU.ActiveCfg = Debug|Any CPU
		{8A3DDE25-8C53-4D8D-86C9-27D3FFC8DB14}.Debug|Any CPU.Build.0 = Debug|Any CPU
		{8A3DDE25-8C53-4D8D-86C9-27D3FFC8DB14}.Release|Any CPU.ActiveCfg = Release|Any CPU
		{8A3DDE25-8C53-4D8D-86C9-27D3FFC8DB14}.Release|Any CPU.Build.0 = Release|Any CPU
		{FE6C2EFB-9926-42BE-B317-D07B0C062C9C}.Debug|Any CPU.ActiveCfg = Debug|Any CPU
		{FE6C2EFB-9926-42BE-B317-D07B0C062C9C}.Debug|Any CPU.Build.0 = Debug|Any CPU
		{FE6C2EFB-9926-42BE-B317-D07B0C062C9C}.Release|Any CPU.ActiveCfg = Release|Any CPU
		{FE6C2EFB-9926-42BE-B317-D07B0C062C9C}.Release|Any CPU.Build.0 = Release|Any CPU
		{BA604A8E-BB01-47C6-AFE0-930F06A1A3AE}.Debug|Any CPU.ActiveCfg = Debug|Any CPU
		{BA604A8E-BB01-47C6-AFE0-930F06A1A3AE}.Debug|Any CPU.Build.0 = Debug|Any CPU
		{BA604A8E-BB01-47C6-AFE0-930F06A1A3AE}.Release|Any CPU.ActiveCfg = Release|Any CPU
		{BA604A8E-BB01-47C6-AFE0-930F06A1A3AE}.Release|Any CPU.Build.0 = Release|Any CPU
	EndGlobalSection
	GlobalSection(NestedProjects) = preSolution
		{5584AC2C-2707-40A9-AD43-15CC2781003F} = {2E204052-5F0F-431E-A767-1C6E7B18AD52}
		{FE4BE2B7-5FB0-4A7A-844D-0A4BB0ABC9A7} = {2E204052-5F0F-431E-A767-1C6E7B18AD52}
		{4F962967-1B82-410D-A152-4D4549BDBD84} = {5F72A127-EEBA-45C1-A97C-9B7F3C5A3945}
		{C1C2389A-017E-454C-8E95-2A759521EE00} = {2E204052-5F0F-431E-A767-1C6E7B18AD52}
		{F1723DFF-2A1C-4612-8AD1-7D4B019153FC} = {16A53E1F-9A7B-4B58-98F8-268B0A3B812F}
		{8A3DDE25-8C53-4D8D-86C9-27D3FFC8DB14} = {16A53E1F-9A7B-4B58-98F8-268B0A3B812F}
		{FE6C2EFB-9926-42BE-B317-D07B0C062C9C} = {2E204052-5F0F-431E-A767-1C6E7B18AD52}
		{BA604A8E-BB01-47C6-AFE0-930F06A1A3AE} = {2E204052-5F0F-431E-A767-1C6E7B18AD52}
	EndGlobalSection
EndGlobal
