
Microsoft Visual Studio Solution File, Format Version 12.00
Project("{FAE04EC0-301F-11D3-BF4B-00C04F79EFBC}") = "StadiumEngine.WebUI", "StadiumEngine.WebUI\StadiumEngine.WebUI.csproj", "{9F5CC079-4957-4D3F-91F5-5419C13D5EE9}"
EndProject
Project("{2150E333-8FDC-42A3-9474-1A3956D46DE8}") = "DAL", "DAL", "{5F72A127-EEBA-45C1-A97C-9B7F3C5A3945}"
EndProject
Project("{FAE04EC0-301F-11D3-BF4B-00C04F79EFBC}") = "StadiumEngine.DataAccess", "StadiumEngine.DataAccess\StadiumEngine.DataAccess.csproj", "{8CF1C3AE-F08E-44D6-B3FD-F658E37D69D8}"
EndProject
Project("{2150E333-8FDC-42A3-9474-1A3956D46DE8}") = "Services", "Services", "{3EFC993E-4331-4130-AD07-3F76F28CFB22}"
EndProject
Project("{FAE04EC0-301F-11D3-BF4B-00C04F79EFBC}") = "StadiumEngine.Services.Platform", "StadiumEngine.Services.Platform\StadiumEngine.Services.Platform.csproj", "{950DEE27-BF0A-41E4-9403-07C343502EDC}"
EndProject
Project("{2150E333-8FDC-42A3-9474-1A3956D46DE8}") = "Models", "Models", "{2E204052-5F0F-431E-A767-1C6E7B18AD52}"
EndProject
Project("{FAE04EC0-301F-11D3-BF4B-00C04F79EFBC}") = "StadiumEngine.Entities", "StadiumEngine.Entities\StadiumEngine.Entities.csproj", "{5584AC2C-2707-40A9-AD43-15CC2781003F}"
EndProject
Project("{FAE04EC0-301F-11D3-BF4B-00C04F79EFBC}") = "StadiumEngine.Services.Core.Actives", "StadiumEngine.Services.Core.Actives\StadiumEngine.Services.Core.Actives.csproj", "{E2F3C633-F393-47A7-9B77-36E76BF2EBCF}"
EndProject
Global
	GlobalSection(SolutionConfigurationPlatforms) = preSolution
		Debug|Any CPU = Debug|Any CPU
		Release|Any CPU = Release|Any CPU
	EndGlobalSection
	GlobalSection(ProjectConfigurationPlatforms) = postSolution
		{9F5CC079-4957-4D3F-91F5-5419C13D5EE9}.Debug|Any CPU.ActiveCfg = Debug|Any CPU
		{9F5CC079-4957-4D3F-91F5-5419C13D5EE9}.Debug|Any CPU.Build.0 = Debug|Any CPU
		{9F5CC079-4957-4D3F-91F5-5419C13D5EE9}.Release|Any CPU.ActiveCfg = Release|Any CPU
		{9F5CC079-4957-4D3F-91F5-5419C13D5EE9}.Release|Any CPU.Build.0 = Release|Any CPU
		{8CF1C3AE-F08E-44D6-B3FD-F658E37D69D8}.Debug|Any CPU.ActiveCfg = Debug|Any CPU
		{8CF1C3AE-F08E-44D6-B3FD-F658E37D69D8}.Debug|Any CPU.Build.0 = Debug|Any CPU
		{8CF1C3AE-F08E-44D6-B3FD-F658E37D69D8}.Release|Any CPU.ActiveCfg = Release|Any CPU
		{8CF1C3AE-F08E-44D6-B3FD-F658E37D69D8}.Release|Any CPU.Build.0 = Release|Any CPU
		{950DEE27-BF0A-41E4-9403-07C343502EDC}.Debug|Any CPU.ActiveCfg = Debug|Any CPU
		{950DEE27-BF0A-41E4-9403-07C343502EDC}.Debug|Any CPU.Build.0 = Debug|Any CPU
		{950DEE27-BF0A-41E4-9403-07C343502EDC}.Release|Any CPU.ActiveCfg = Release|Any CPU
		{950DEE27-BF0A-41E4-9403-07C343502EDC}.Release|Any CPU.Build.0 = Release|Any CPU
		{5584AC2C-2707-40A9-AD43-15CC2781003F}.Debug|Any CPU.ActiveCfg = Debug|Any CPU
		{5584AC2C-2707-40A9-AD43-15CC2781003F}.Debug|Any CPU.Build.0 = Debug|Any CPU
		{5584AC2C-2707-40A9-AD43-15CC2781003F}.Release|Any CPU.ActiveCfg = Release|Any CPU
		{5584AC2C-2707-40A9-AD43-15CC2781003F}.Release|Any CPU.Build.0 = Release|Any CPU
		{E2F3C633-F393-47A7-9B77-36E76BF2EBCF}.Debug|Any CPU.ActiveCfg = Debug|Any CPU
		{E2F3C633-F393-47A7-9B77-36E76BF2EBCF}.Debug|Any CPU.Build.0 = Debug|Any CPU
		{E2F3C633-F393-47A7-9B77-36E76BF2EBCF}.Release|Any CPU.ActiveCfg = Release|Any CPU
		{E2F3C633-F393-47A7-9B77-36E76BF2EBCF}.Release|Any CPU.Build.0 = Release|Any CPU
	EndGlobalSection
	GlobalSection(NestedProjects) = preSolution
		{8CF1C3AE-F08E-44D6-B3FD-F658E37D69D8} = {5F72A127-EEBA-45C1-A97C-9B7F3C5A3945}
		{950DEE27-BF0A-41E4-9403-07C343502EDC} = {3EFC993E-4331-4130-AD07-3F76F28CFB22}
		{5584AC2C-2707-40A9-AD43-15CC2781003F} = {2E204052-5F0F-431E-A767-1C6E7B18AD52}
		{E2F3C633-F393-47A7-9B77-36E76BF2EBCF} = {3EFC993E-4331-4130-AD07-3F76F28CFB22}
	EndGlobalSection
EndGlobal
